// !$*UTF8*$!
{
	archiveVersion = 1;
	classes = {
	};
	objectVersion = 50;
	objects = {

/* Begin PBXBuildFile section */
		8118CC28219AB340005B1E13 /* LocalAuthenticationService.swift in Sources */ = {isa = PBXBuildFile; fileRef = 8118CC27219AB340005B1E13 /* LocalAuthenticationService.swift */; };
		8118CC2B219AD148005B1E13 /* PopAnimator.swift in Sources */ = {isa = PBXBuildFile; fileRef = 8118CC2A219AD148005B1E13 /* PopAnimator.swift */; };
		8147DEE4219AA497005B924D /* AppDelegate.swift in Sources */ = {isa = PBXBuildFile; fileRef = 8147DEE3219AA497005B924D /* AppDelegate.swift */; };
		8147DEE6219AA497005B924D /* ViewController.swift in Sources */ = {isa = PBXBuildFile; fileRef = 8147DEE5219AA497005B924D /* ViewController.swift */; };
		8147DEE9219AA497005B924D /* Main.storyboard in Resources */ = {isa = PBXBuildFile; fileRef = 8147DEE7219AA497005B924D /* Main.storyboard */; };
		8147DEEB219AA499005B924D /* Assets.xcassets in Resources */ = {isa = PBXBuildFile; fileRef = 8147DEEA219AA499005B924D /* Assets.xcassets */; };
		8147DEEE219AA499005B924D /* LaunchScreen.storyboard in Resources */ = {isa = PBXBuildFile; fileRef = 8147DEEC219AA499005B924D /* LaunchScreen.storyboard */; };
		8147DEF9219AA49A005B924D /* UnlockDemoTests.swift in Sources */ = {isa = PBXBuildFile; fileRef = 8147DEF8219AA49A005B924D /* UnlockDemoTests.swift */; };
		8147DF04219AA49A005B924D /* UnlockDemoUITests.swift in Sources */ = {isa = PBXBuildFile; fileRef = 8147DF03219AA49A005B924D /* UnlockDemoUITests.swift */; };
		8147DF12219AAA12005B924D /* VerifyViewController.swift in Sources */ = {isa = PBXBuildFile; fileRef = 8147DF11219AAA12005B924D /* VerifyViewController.swift */; };
/* End PBXBuildFile section */

/* Begin PBXContainerItemProxy section */
		8147DEF5219AA49A005B924D /* PBXContainerItemProxy */ = {
			isa = PBXContainerItemProxy;
			containerPortal = 8147DED8219AA497005B924D /* Project object */;
			proxyType = 1;
			remoteGlobalIDString = 8147DEDF219AA497005B924D;
			remoteInfo = UnlockDemo;
		};
		8147DF00219AA49A005B924D /* PBXContainerItemProxy */ = {
			isa = PBXContainerItemProxy;
			containerPortal = 8147DED8219AA497005B924D /* Project object */;
			proxyType = 1;
			remoteGlobalIDString = 8147DEDF219AA497005B924D;
			remoteInfo = UnlockDemo;
		};
/* End PBXContainerItemProxy section */

/* Begin PBXFileReference section */
		8118CC27219AB340005B1E13 /* LocalAuthenticationService.swift */ = {isa = PBXFileReference; lastKnownFileType = sourcecode.swift; path = LocalAuthenticationService.swift; sourceTree = "<group>"; };
		8118CC2A219AD148005B1E13 /* PopAnimator.swift */ = {isa = PBXFileReference; lastKnownFileType = sourcecode.swift; path = PopAnimator.swift; sourceTree = "<group>"; };
		8147DEE0219AA497005B924D /* UnlockDemo.app */ = {isa = PBXFileReference; explicitFileType = wrapper.application; includeInIndex = 0; path = UnlockDemo.app; sourceTree = BUILT_PRODUCTS_DIR; };
		8147DEE3219AA497005B924D /* AppDelegate.swift */ = {isa = PBXFileReference; lastKnownFileType = sourcecode.swift; path = AppDelegate.swift; sourceTree = "<group>"; };
		8147DEE5219AA497005B924D /* ViewController.swift */ = {isa = PBXFileReference; lastKnownFileType = sourcecode.swift; path = ViewController.swift; sourceTree = "<group>"; };
		8147DEE8219AA497005B924D /* Base */ = {isa = PBXFileReference; lastKnownFileType = file.storyboard; name = Base; path = Base.lproj/Main.storyboard; sourceTree = "<group>"; };
		8147DEEA219AA499005B924D /* Assets.xcassets */ = {isa = PBXFileReference; lastKnownFileType = folder.assetcatalog; path = Assets.xcassets; sourceTree = "<group>"; };
		8147DEED219AA499005B924D /* Base */ = {isa = PBXFileReference; lastKnownFileType = file.storyboard; name = Base; path = Base.lproj/LaunchScreen.storyboard; sourceTree = "<group>"; };
		8147DEEF219AA499005B924D /* Info.plist */ = {isa = PBXFileReference; lastKnownFileType = text.plist.xml; path = Info.plist; sourceTree = "<group>"; };
		8147DEF4219AA49A005B924D /* UnlockDemoTests.xctest */ = {isa = PBXFileReference; explicitFileType = wrapper.cfbundle; includeInIndex = 0; path = UnlockDemoTests.xctest; sourceTree = BUILT_PRODUCTS_DIR; };
		8147DEF8219AA49A005B924D /* UnlockDemoTests.swift */ = {isa = PBXFileReference; lastKnownFileType = sourcecode.swift; path = UnlockDemoTests.swift; sourceTree = "<group>"; };
		8147DEFA219AA49A005B924D /* Info.plist */ = {isa = PBXFileReference; lastKnownFileType = text.plist.xml; path = Info.plist; sourceTree = "<group>"; };
		8147DEFF219AA49A005B924D /* UnlockDemoUITests.xctest */ = {isa = PBXFileReference; explicitFileType = wrapper.cfbundle; includeInIndex = 0; path = UnlockDemoUITests.xctest; sourceTree = BUILT_PRODUCTS_DIR; };
		8147DF03219AA49A005B924D /* UnlockDemoUITests.swift */ = {isa = PBXFileReference; lastKnownFileType = sourcecode.swift; path = UnlockDemoUITests.swift; sourceTree = "<group>"; };
		8147DF05219AA49A005B924D /* Info.plist */ = {isa = PBXFileReference; lastKnownFileType = text.plist.xml; path = Info.plist; sourceTree = "<group>"; };
		8147DF11219AAA12005B924D /* VerifyViewController.swift */ = {isa = PBXFileReference; lastKnownFileType = sourcecode.swift; path = VerifyViewController.swift; sourceTree = "<group>"; };
/* End PBXFileReference section */

/* Begin PBXFrameworksBuildPhase section */
		8147DEDD219AA497005B924D /* Frameworks */ = {
			isa = PBXFrameworksBuildPhase;
			buildActionMask = 2147483647;
			files = (
			);
			runOnlyForDeploymentPostprocessing = 0;
		};
		8147DEF1219AA49A005B924D /* Frameworks */ = {
			isa = PBXFrameworksBuildPhase;
			buildActionMask = 2147483647;
			files = (
			);
			runOnlyForDeploymentPostprocessing = 0;
		};
		8147DEFC219AA49A005B924D /* Frameworks */ = {
			isa = PBXFrameworksBuildPhase;
			buildActionMask = 2147483647;
			files = (
			);
			runOnlyForDeploymentPostprocessing = 0;
		};
/* End PBXFrameworksBuildPhase section */

/* Begin PBXGroup section */
		8118CC29219ACD22005B1E13 /* Supports */ = {
			isa = PBXGroup;
			children = (
				8147DEEA219AA499005B924D /* Assets.xcassets */,
				8147DEEC219AA499005B924D /* LaunchScreen.storyboard */,
				8147DEEF219AA499005B924D /* Info.plist */,
			);
			path = Supports;
			sourceTree = "<group>";
		};
		8147DED7219AA497005B924D = {
			isa = PBXGroup;
			children = (
				8147DEE2219AA497005B924D /* UnlockDemo */,
				8147DEF7219AA49A005B924D /* UnlockDemoTests */,
				8147DF02219AA49A005B924D /* UnlockDemoUITests */,
				8147DEE1219AA497005B924D /* Products */,
			);
			sourceTree = "<group>";
		};
		8147DEE1219AA497005B924D /* Products */ = {
			isa = PBXGroup;
			children = (
				8147DEE0219AA497005B924D /* UnlockDemo.app */,
				8147DEF4219AA49A005B924D /* UnlockDemoTests.xctest */,
				8147DEFF219AA49A005B924D /* UnlockDemoUITests.xctest */,
			);
			name = Products;
			sourceTree = "<group>";
		};
		8147DEE2219AA497005B924D /* UnlockDemo */ = {
			isa = PBXGroup;
			children = (
				8147DEE3219AA497005B924D /* AppDelegate.swift */,
				8147DEE5219AA497005B924D /* ViewController.swift */,
				8147DF11219AAA12005B924D /* VerifyViewController.swift */,
				8118CC27219AB340005B1E13 /* LocalAuthenticationService.swift */,
				8118CC2A219AD148005B1E13 /* PopAnimator.swift */,
				8147DEE7219AA497005B924D /* Main.storyboard */,
				8118CC29219ACD22005B1E13 /* Supports */,
			);
			path = UnlockDemo;
			sourceTree = "<group>";
		};
		8147DEF7219AA49A005B924D /* UnlockDemoTests */ = {
			isa = PBXGroup;
			children = (
				8147DEF8219AA49A005B924D /* UnlockDemoTests.swift */,
				8147DEFA219AA49A005B924D /* Info.plist */,
			);
			path = UnlockDemoTests;
			sourceTree = "<group>";
		};
		8147DF02219AA49A005B924D /* UnlockDemoUITests */ = {
			isa = PBXGroup;
			children = (
				8147DF03219AA49A005B924D /* UnlockDemoUITests.swift */,
				8147DF05219AA49A005B924D /* Info.plist */,
			);
			path = UnlockDemoUITests;
			sourceTree = "<group>";
		};
/* End PBXGroup section */

/* Begin PBXNativeTarget section */
		8147DEDF219AA497005B924D /* UnlockDemo */ = {
			isa = PBXNativeTarget;
			buildConfigurationList = 8147DF08219AA49A005B924D /* Build configuration list for PBXNativeTarget "UnlockDemo" */;
			buildPhases = (
				8147DEDC219AA497005B924D /* Sources */,
				8147DEDD219AA497005B924D /* Frameworks */,
				8147DEDE219AA497005B924D /* Resources */,
			);
			buildRules = (
			);
			dependencies = (
			);
			name = UnlockDemo;
			productName = UnlockDemo;
			productReference = 8147DEE0219AA497005B924D /* UnlockDemo.app */;
			productType = "com.apple.product-type.application";
		};
		8147DEF3219AA49A005B924D /* UnlockDemoTests */ = {
			isa = PBXNativeTarget;
			buildConfigurationList = 8147DF0B219AA49A005B924D /* Build configuration list for PBXNativeTarget "UnlockDemoTests" */;
			buildPhases = (
				8147DEF0219AA49A005B924D /* Sources */,
				8147DEF1219AA49A005B924D /* Frameworks */,
				8147DEF2219AA49A005B924D /* Resources */,
			);
			buildRules = (
			);
			dependencies = (
				8147DEF6219AA49A005B924D /* PBXTargetDependency */,
			);
			name = UnlockDemoTests;
			productName = UnlockDemoTests;
			productReference = 8147DEF4219AA49A005B924D /* UnlockDemoTests.xctest */;
			productType = "com.apple.product-type.bundle.unit-test";
		};
		8147DEFE219AA49A005B924D /* UnlockDemoUITests */ = {
			isa = PBXNativeTarget;
			buildConfigurationList = 8147DF0E219AA49A005B924D /* Build configuration list for PBXNativeTarget "UnlockDemoUITests" */;
			buildPhases = (
				8147DEFB219AA49A005B924D /* Sources */,
				8147DEFC219AA49A005B924D /* Frameworks */,
				8147DEFD219AA49A005B924D /* Resources */,
			);
			buildRules = (
			);
			dependencies = (
				8147DF01219AA49A005B924D /* PBXTargetDependency */,
			);
			name = UnlockDemoUITests;
			productName = UnlockDemoUITests;
			productReference = 8147DEFF219AA49A005B924D /* UnlockDemoUITests.xctest */;
			productType = "com.apple.product-type.bundle.ui-testing";
		};
/* End PBXNativeTarget section */

/* Begin PBXProject section */
		8147DED8219AA497005B924D /* Project object */ = {
			isa = PBXProject;
			attributes = {
				LastSwiftUpdateCheck = 1000;
				LastUpgradeCheck = 1000;
				ORGANIZATIONNAME = "ZK-iOS";
				TargetAttributes = {
					8147DEDF219AA497005B924D = {
						CreatedOnToolsVersion = 10.0;
					};
					8147DEF3219AA49A005B924D = {
						CreatedOnToolsVersion = 10.0;
						TestTargetID = 8147DEDF219AA497005B924D;
					};
					8147DEFE219AA49A005B924D = {
						CreatedOnToolsVersion = 10.0;
						TestTargetID = 8147DEDF219AA497005B924D;
					};
				};
			};
			buildConfigurationList = 8147DEDB219AA497005B924D /* Build configuration list for PBXProject "UnlockDemo" */;
			compatibilityVersion = "Xcode 9.3";
			developmentRegion = en;
			hasScannedForEncodings = 0;
			knownRegions = (
				en,
				Base,
			);
			mainGroup = 8147DED7219AA497005B924D;
			productRefGroup = 8147DEE1219AA497005B924D /* Products */;
			projectDirPath = "";
			projectRoot = "";
			targets = (
				8147DEDF219AA497005B924D /* UnlockDemo */,
				8147DEF3219AA49A005B924D /* UnlockDemoTests */,
				8147DEFE219AA49A005B924D /* UnlockDemoUITests */,
			);
		};
/* End PBXProject section */

/* Begin PBXResourcesBuildPhase section */
		8147DEDE219AA497005B924D /* Resources */ = {
			isa = PBXResourcesBuildPhase;
			buildActionMask = 2147483647;
			files = (
				8147DEEE219AA499005B924D /* LaunchScreen.storyboard in Resources */,
				8147DEEB219AA499005B924D /* Assets.xcassets in Resources */,
				8147DEE9219AA497005B924D /* Main.storyboard in Resources */,
			);
			runOnlyForDeploymentPostprocessing = 0;
		};
		8147DEF2219AA49A005B924D /* Resources */ = {
			isa = PBXResourcesBuildPhase;
			buildActionMask = 2147483647;
			files = (
			);
			runOnlyForDeploymentPostprocessing = 0;
		};
		8147DEFD219AA49A005B924D /* Resources */ = {
			isa = PBXResourcesBuildPhase;
			buildActionMask = 2147483647;
			files = (
			);
			runOnlyForDeploymentPostprocessing = 0;
		};
/* End PBXResourcesBuildPhase section */

/* Begin PBXSourcesBuildPhase section */
		8147DEDC219AA497005B924D /* Sources */ = {
			isa = PBXSourcesBuildPhase;
			buildActionMask = 2147483647;
			files = (
				8147DF12219AAA12005B924D /* VerifyViewController.swift in Sources */,
				8147DEE6219AA497005B924D /* ViewController.swift in Sources */,
				8118CC28219AB340005B1E13 /* LocalAuthenticationService.swift in Sources */,
				8147DEE4219AA497005B924D /* AppDelegate.swift in Sources */,
				8118CC2B219AD148005B1E13 /* PopAnimator.swift in Sources */,
			);
			runOnlyForDeploymentPostprocessing = 0;
		};
		8147DEF0219AA49A005B924D /* Sources */ = {
			isa = PBXSourcesBuildPhase;
			buildActionMask = 2147483647;
			files = (
				8147DEF9219AA49A005B924D /* UnlockDemoTests.swift in Sources */,
			);
			runOnlyForDeploymentPostprocessing = 0;
		};
		8147DEFB219AA49A005B924D /* Sources */ = {
			isa = PBXSourcesBuildPhase;
			buildActionMask = 2147483647;
			files = (
				8147DF04219AA49A005B924D /* UnlockDemoUITests.swift in Sources */,
			);
			runOnlyForDeploymentPostprocessing = 0;
		};
/* End PBXSourcesBuildPhase section */

/* Begin PBXTargetDependency section */
		8147DEF6219AA49A005B924D /* PBXTargetDependency */ = {
			isa = PBXTargetDependency;
			target = 8147DEDF219AA497005B924D /* UnlockDemo */;
			targetProxy = 8147DEF5219AA49A005B924D /* PBXContainerItemProxy */;
		};
		8147DF01219AA49A005B924D /* PBXTargetDependency */ = {
			isa = PBXTargetDependency;
			target = 8147DEDF219AA497005B924D /* UnlockDemo */;
			targetProxy = 8147DF00219AA49A005B924D /* PBXContainerItemProxy */;
		};
/* End PBXTargetDependency section */

/* Begin PBXVariantGroup section */
		8147DEE7219AA497005B924D /* Main.storyboard */ = {
			isa = PBXVariantGroup;
			children = (
				8147DEE8219AA497005B924D /* Base */,
			);
			name = Main.storyboard;
			sourceTree = "<group>";
		};
		8147DEEC219AA499005B924D /* LaunchScreen.storyboard */ = {
			isa = PBXVariantGroup;
			children = (
				8147DEED219AA499005B924D /* Base */,
			);
			name = LaunchScreen.storyboard;
			sourceTree = "<group>";
		};
/* End PBXVariantGroup section */

/* Begin XCBuildConfiguration section */
		8147DF06219AA49A005B924D /* Debug */ = {
			isa = XCBuildConfiguration;
			buildSettings = {
				ALWAYS_SEARCH_USER_PATHS = NO;
				CLANG_ANALYZER_NONNULL = YES;
				CLANG_ANALYZER_NUMBER_OBJECT_CONVERSION = YES_AGGRESSIVE;
				CLANG_CXX_LANGUAGE_STANDARD = "gnu++14";
				CLANG_CXX_LIBRARY = "libc++";
				CLANG_ENABLE_MODULES = YES;
				CLANG_ENABLE_OBJC_ARC = YES;
				CLANG_ENABLE_OBJC_WEAK = YES;
				CLANG_WARN_BLOCK_CAPTURE_AUTORELEASING = YES;
				CLANG_WARN_BOOL_CONVERSION = YES;
				CLANG_WARN_COMMA = YES;
				CLANG_WARN_CONSTANT_CONVERSION = YES;
				CLANG_WARN_DEPRECATED_OBJC_IMPLEMENTATIONS = YES;
				CLANG_WARN_DIRECT_OBJC_ISA_USAGE = YES_ERROR;
				CLANG_WARN_DOCUMENTATION_COMMENTS = YES;
				CLANG_WARN_EMPTY_BODY = YES;
				CLANG_WARN_ENUM_CONVERSION = YES;
				CLANG_WARN_INFINITE_RECURSION = YES;
				CLANG_WARN_INT_CONVERSION = YES;
				CLANG_WARN_NON_LITERAL_NULL_CONVERSION = YES;
				CLANG_WARN_OBJC_IMPLICIT_RETAIN_SELF = YES;
				CLANG_WARN_OBJC_LITERAL_CONVERSION = YES;
				CLANG_WARN_OBJC_ROOT_CLASS = YES_ERROR;
				CLANG_WARN_RANGE_LOOP_ANALYSIS = YES;
				CLANG_WARN_STRICT_PROTOTYPES = YES;
				CLANG_WARN_SUSPICIOUS_MOVE = YES;
				CLANG_WARN_UNGUARDED_AVAILABILITY = YES_AGGRESSIVE;
				CLANG_WARN_UNREACHABLE_CODE = YES;
				CLANG_WARN__DUPLICATE_METHOD_MATCH = YES;
				CODE_SIGN_IDENTITY = "iPhone Developer";
				COPY_PHASE_STRIP = NO;
				DEBUG_INFORMATION_FORMAT = dwarf;
				ENABLE_STRICT_OBJC_MSGSEND = YES;
				ENABLE_TESTABILITY = YES;
				GCC_C_LANGUAGE_STANDARD = gnu11;
				GCC_DYNAMIC_NO_PIC = NO;
				GCC_NO_COMMON_BLOCKS = YES;
				GCC_OPTIMIZATION_LEVEL = 0;
				GCC_PREPROCESSOR_DEFINITIONS = (
					"DEBUG=1",
					"$(inherited)",
				);
				GCC_WARN_64_TO_32_BIT_CONVERSION = YES;
				GCC_WARN_ABOUT_RETURN_TYPE = YES_ERROR;
				GCC_WARN_UNDECLARED_SELECTOR = YES;
				GCC_WARN_UNINITIALIZED_AUTOS = YES_AGGRESSIVE;
				GCC_WARN_UNUSED_FUNCTION = YES;
				GCC_WARN_UNUSED_VARIABLE = YES;
				IPHONEOS_DEPLOYMENT_TARGET = 12.0;
				MTL_ENABLE_DEBUG_INFO = INCLUDE_SOURCE;
				MTL_FAST_MATH = YES;
				ONLY_ACTIVE_ARCH = YES;
				SDKROOT = iphoneos;
				SWIFT_ACTIVE_COMPILATION_CONDITIONS = DEBUG;
				SWIFT_OPTIMIZATION_LEVEL = "-Onone";
			};
			name = Debug;
		};
		8147DF07219AA49A005B924D /* Release */ = {
			isa = XCBuildConfiguration;
			buildSettings = {
				ALWAYS_SEARCH_USER_PATHS = NO;
				CLANG_ANALYZER_NONNULL = YES;
				CLANG_ANALYZER_NUMBER_OBJECT_CONVERSION = YES_AGGRESSIVE;
				CLANG_CXX_LANGUAGE_STANDARD = "gnu++14";
				CLANG_CXX_LIBRARY = "libc++";
				CLANG_ENABLE_MODULES = YES;
				CLANG_ENABLE_OBJC_ARC = YES;
				CLANG_ENABLE_OBJC_WEAK = YES;
				CLANG_WARN_BLOCK_CAPTURE_AUTORELEASING = YES;
				CLANG_WARN_BOOL_CONVERSION = YES;
				CLANG_WARN_COMMA = YES;
				CLANG_WARN_CONSTANT_CONVERSION = YES;
				CLANG_WARN_DEPRECATED_OBJC_IMPLEMENTATIONS = YES;
				CLANG_WARN_DIRECT_OBJC_ISA_USAGE = YES_ERROR;
				CLANG_WARN_DOCUMENTATION_COMMENTS = YES;
				CLANG_WARN_EMPTY_BODY = YES;
				CLANG_WARN_ENUM_CONVERSION = YES;
				CLANG_WARN_INFINITE_RECURSION = YES;
				CLANG_WARN_INT_CONVERSION = YES;
				CLANG_WARN_NON_LITERAL_NULL_CONVERSION = YES;
				CLANG_WARN_OBJC_IMPLICIT_RETAIN_SELF = YES;
				CLANG_WARN_OBJC_LITERAL_CONVERSION = YES;
				CLANG_WARN_OBJC_ROOT_CLASS = YES_ERROR;
				CLANG_WARN_RANGE_LOOP_ANALYSIS = YES;
				CLANG_WARN_STRICT_PROTOTYPES = YES;
				CLANG_WARN_SUSPICIOUS_MOVE = YES;
				CLANG_WARN_UNGUARDED_AVAILABILITY = YES_AGGRESSIVE;
				CLANG_WARN_UNREACHABLE_CODE = YES;
				CLANG_WARN__DUPLICATE_METHOD_MATCH = YES;
				CODE_SIGN_IDENTITY = "iPhone Developer";
				COPY_PHASE_STRIP = NO;
				DEBUG_INFORMATION_FORMAT = "dwarf-with-dsym";
				ENABLE_NS_ASSERTIONS = NO;
				ENABLE_STRICT_OBJC_MSGSEND = YES;
				GCC_C_LANGUAGE_STANDARD = gnu11;
				GCC_NO_COMMON_BLOCKS = YES;
				GCC_WARN_64_TO_32_BIT_CONVERSION = YES;
				GCC_WARN_ABOUT_RETURN_TYPE = YES_ERROR;
				GCC_WARN_UNDECLARED_SELECTOR = YES;
				GCC_WARN_UNINITIALIZED_AUTOS = YES_AGGRESSIVE;
				GCC_WARN_UNUSED_FUNCTION = YES;
				GCC_WARN_UNUSED_VARIABLE = YES;
				IPHONEOS_DEPLOYMENT_TARGET = 12.0;
				MTL_ENABLE_DEBUG_INFO = NO;
				MTL_FAST_MATH = YES;
				SDKROOT = iphoneos;
				SWIFT_COMPILATION_MODE = wholemodule;
				SWIFT_OPTIMIZATION_LEVEL = "-O";
				VALIDATE_PRODUCT = YES;
			};
			name = Release;
		};
		8147DF09219AA49A005B924D /* Debug */ = {
			isa = XCBuildConfiguration;
			buildSettings = {
				ASSETCATALOG_COMPILER_APPICON_NAME = AppIcon;
				CODE_SIGN_STYLE = Automatic;
				DEVELOPMENT_TEAM = 297U3YK5T3;
				INFOPLIST_FILE = "$(SRCROOT)/UnlockDemo/Supports/Info.plist";
				IPHONEOS_DEPLOYMENT_TARGET = 10;
				LD_RUNPATH_SEARCH_PATHS = (
					"$(inherited)",
					"@executable_path/Frameworks",
				);
				PRODUCT_BUNDLE_IDENTIFIER = com.kim.UnlockDemo;
				PRODUCT_NAME = "$(TARGET_NAME)";
				SWIFT_VERSION = 4.2;
				TARGETED_DEVICE_FAMILY = "1,2";
			};
			name = Debug;
		};
		8147DF0A219AA49A005B924D /* Release */ = {
			isa = XCBuildConfiguration;
			buildSettings = {
				ASSETCATALOG_COMPILER_APPICON_NAME = AppIcon;
				CODE_SIGN_STYLE = Automatic;
				DEVELOPMENT_TEAM = 297U3YK5T3;
				INFOPLIST_FILE = "$(SRCROOT)/UnlockDemo/Supports/Info.plist";
				IPHONEOS_DEPLOYMENT_TARGET = 10;
				LD_RUNPATH_SEARCH_PATHS = (
					"$(inherited)",
					"@executable_path/Frameworks",
				);
				PRODUCT_BUNDLE_IDENTIFIER = com.kim.UnlockDemo;
				PRODUCT_NAME = "$(TARGET_NAME)";
				SWIFT_VERSION = 4.2;
				TARGETED_DEVICE_FAMILY = "1,2";
			};
			name = Release;
		};
		8147DF0C219AA49A005B924D /* Debug */ = {
			isa = XCBuildConfiguration;
			buildSettings = {
				ALWAYS_EMBED_SWIFT_STANDARD_LIBRARIES = YES;
				BUNDLE_LOADER = "$(TEST_HOST)";
				CODE_SIGN_STYLE = Automatic;
				INFOPLIST_FILE = UnlockDemoTests/Info.plist;
				LD_RUNPATH_SEARCH_PATHS = (
					"$(inherited)",
					"@executable_path/Frameworks",
					"@loader_path/Frameworks",
				);
				PRODUCT_BUNDLE_IDENTIFIER = com.kim.UnlockDemoTests;
				PRODUCT_NAME = "$(TARGET_NAME)";
				SWIFT_VERSION = 4.2;
				TARGETED_DEVICE_FAMILY = "1,2";
				TEST_HOST = "$(BUILT_PRODUCTS_DIR)/UnlockDemo.app/UnlockDemo";
			};
			name = Debug;
		};
		8147DF0D219AA49A005B924D /* Release */ = {
			isa = XCBuildConfiguration;
			buildSettings = {
				ALWAYS_EMBED_SWIFT_STANDARD_LIBRARIES = YES;
				BUNDLE_LOADER = "$(TEST_HOST)";
				CODE_SIGN_STYLE = Automatic;
				INFOPLIST_FILE = UnlockDemoTests/Info.plist;
				LD_RUNPATH_SEARCH_PATHS = (
					"$(inherited)",
					"@executable_path/Frameworks",
					"@loader_path/Frameworks",
				);
				PRODUCT_BUNDLE_IDENTIFIER = com.kim.UnlockDemoTests;
				PRODUCT_NAME = "$(TARGET_NAME)";
				SWIFT_VERSION = 4.2;
				TARGETED_DEVICE_FAMILY = "1,2";
				TEST_HOST = "$(BUILT_PRODUCTS_DIR)/UnlockDemo.app/UnlockDemo";
			};
			name = Release;
		};
		8147DF0F219AA49A005B924D /* Debug */ = {
			isa = XCBuildConfiguration;
			buildSettings = {
				ALWAYS_EMBED_SWIFT_STANDARD_LIBRARIES = YES;
				CODE_SIGN_STYLE = Automatic;
				INFOPLIST_FILE = UnlockDemoUITests/Info.plist;
				LD_RUNPATH_SEARCH_PATHS = (
					"$(inherited)",
					"@executable_path/Frameworks",
					"@loader_path/Frameworks",
				);
				PRODUCT_BUNDLE_IDENTIFIER = com.kim.UnlockDemoUITests;
				PRODUCT_NAME = "$(TARGET_NAME)";
				SWIFT_VERSION = 4.2;
				TARGETED_DEVICE_FAMILY = "1,2";
				TEST_TARGET_NAME = UnlockDemo;
			};
			name = Debug;
		};
		8147DF10219AA49A005B924D /* Release */ = {
			isa = XCBuildConfiguration;
			buildSettings = {
				ALWAYS_EMBED_SWIFT_STANDARD_LIBRARIES = YES;
				CODE_SIGN_STYLE = Automatic;
				INFOPLIST_FILE = UnlockDemoUITests/Info.plist;
				LD_RUNPATH_SEARCH_PATHS = (
					"$(inherited)",
					"@executable_path/Frameworks",
					"@loader_path/Frameworks",
				);
				PRODUCT_BUNDLE_IDENTIFIER = com.kim.UnlockDemoUITests;
				PRODUCT_NAME = "$(TARGET_NAME)";
				SWIFT_VERSION = 4.2;
				TARGETED_DEVICE_FAMILY = "1,2";
				TEST_TARGET_NAME = UnlockDemo;
			};
			name = Release;
		};
/* End XCBuildConfiguration section */

/* Begin XCConfigurationList section */
		8147DEDB219AA497005B924D /* Build configuration list for PBXProject "UnlockDemo" */ = {
			isa = XCConfigurationList;
			buildConfigurations = (
				8147DF06219AA49A005B924D /* Debug */,
				8147DF07219AA49A005B924D /* Release */,
			);
			defaultConfigurationIsVisible = 0;
			defaultConfigurationName = Release;
		};
		8147DF08219AA49A005B924D /* Build configuration list for PBXNativeTarget "UnlockDemo" */ = {
			isa = XCConfigurationList;
			buildConfigurations = (
				8147DF09219AA49A005B924D /* Debug */,
				8147DF0A219AA49A005B924D /* Release */,
			);
			defaultConfigurationIsVisible = 0;
			defaultConfigurationName = Release;
		};
		8147DF0B219AA49A005B924D /* Build configuration list for PBXNativeTarget "UnlockDemoTests" */ = {
			isa = XCConfigurationList;
			buildConfigurations = (
				8147DF0C219AA49A005B924D /* Debug */,
				8147DF0D219AA49A005B924D /* Release */,
			);
			defaultConfigurationIsVisible = 0;
			defaultConfigurationName = Release;
		};
		8147DF0E219AA49A005B924D /* Build configuration list for PBXNativeTarget "UnlockDemoUITests" */ = {
			isa = XCConfigurationList;
			buildConfigurations = (
				8147DF0F219AA49A005B924D /* Debug */,
				8147DF10219AA49A005B924D /* Release */,
			);
			defaultConfigurationIsVisible = 0;
			defaultConfigurationName = Release;
		};
/* End XCConfigurationList section */
	};
	rootObject = 8147DED8219AA497005B924D /* Project object */;
}
